
Microsoft Visual Studio Solution File, Format Version 12.00
# Visual Studio Version 17
VisualStudioVersion = 17.7.34024.191
MinimumVisualStudioVersion = 10.0.40219.1
Project("{FAE04EC0-301F-11D3-BF4B-00C04F79EFBC}") = "Webstore2023", "Webstore2023\Webstore2023.csproj", "{D436DDF1-4C89-4CF0-853F-5FE790BF4F3D}"
EndProject
Global
	GlobalSection(SolutionConfigurationPlatforms) = preSolution
		Debug|Any CPU = Debug|Any CPU
		Release|Any CPU = Release|Any CPU
	EndGlobalSection
	GlobalSection(ProjectConfigurationPlatforms) = postSolution
		{D436DDF1-4C89-4CF0-853F-5FE790BF4F3D}.Debug|Any CPU.ActiveCfg = Debug|Any CPU
		{D436DDF1-4C89-4CF0-853F-5FE790BF4F3D}.Debug|Any CPU.Build.0 = Debug|Any CPU
		{D436DDF1-4C89-4CF0-853F-5FE790BF4F3D}.Release|Any CPU.ActiveCfg = Release|Any CPU
		{D436DDF1-4C89-4CF0-853F-5FE790BF4F3D}.Release|Any CPU.Build.0 = Release|Any CPU
	EndGlobalSection
	GlobalSection(SolutionProperties) = preSolution
		HideSolutionNode = FALSE
	EndGlobalSection
	GlobalSection(ExtensibilityGlobals) = postSolution
		SolutionGuid = {5554B1DA-9FA2-46A0-9E0F-A9669192AFD6}
	EndGlobalSection
EndGlobal
